// !$*UTF8*$!
{
	archiveVersion = 1;
	classes = {
	};
	objectVersion = 56;
	objects = {

/* Begin PBXBuildFile section */
		4E94AE642A0CAD8D00C91F63 /* AppDelegate.swift in Sources */ = {isa = PBXBuildFile; fileRef = 4E94AE632A0CAD8D00C91F63 /* AppDelegate.swift */; };
		4E94AE662A0CAD8D00C91F63 /* SceneDelegate.swift in Sources */ = {isa = PBXBuildFile; fileRef = 4E94AE652A0CAD8D00C91F63 /* SceneDelegate.swift */; };
		4E94AE682A0CAD8D00C91F63 /* ViewController.swift in Sources */ = {isa = PBXBuildFile; fileRef = 4E94AE672A0CAD8D00C91F63 /* ViewController.swift */; };
		4E94AE6B2A0CAD8D00C91F63 /* Main.storyboard in Resources */ = {isa = PBXBuildFile; fileRef = 4E94AE692A0CAD8D00C91F63 /* Main.storyboard */; };
		4E94AE6D2A0CAD9200C91F63 /* Assets.xcassets in Resources */ = {isa = PBXBuildFile; fileRef = 4E94AE6C2A0CAD9200C91F63 /* Assets.xcassets */; };
		4E94AE702A0CAD9200C91F63 /* LaunchScreen.storyboard in Resources */ = {isa = PBXBuildFile; fileRef = 4E94AE6E2A0CAD9200C91F63 /* LaunchScreen.storyboard */; };
		4E94AE7B2A0CAD9300C91F63 /* _04TestTests.swift in Sources */ = {isa = PBXBuildFile; fileRef = 4E94AE7A2A0CAD9300C91F63 /* _04TestTests.swift */; };
		4E94AE852A0CAD9300C91F63 /* _04TestUITests.swift in Sources */ = {isa = PBXBuildFile; fileRef = 4E94AE842A0CAD9300C91F63 /* _04TestUITests.swift */; };
		4E94AE872A0CAD9300C91F63 /* _04TestUITestsLaunchTests.swift in Sources */ = {isa = PBXBuildFile; fileRef = 4E94AE862A0CAD9300C91F63 /* _04TestUITestsLaunchTests.swift */; };
/* End PBXBuildFile section */

/* Begin PBXContainerItemProxy section */
		4E94AE772A0CAD9300C91F63 /* PBXContainerItemProxy */ = {
			isa = PBXContainerItemProxy;
			containerPortal = 4E94AE582A0CAD8D00C91F63 /* Project object */;
			proxyType = 1;
			remoteGlobalIDString = 4E94AE5F2A0CAD8D00C91F63;
			remoteInfo = 104Test;
		};
		4E94AE812A0CAD9300C91F63 /* PBXContainerItemProxy */ = {
			isa = PBXContainerItemProxy;
			containerPortal = 4E94AE582A0CAD8D00C91F63 /* Project object */;
			proxyType = 1;
			remoteGlobalIDString = 4E94AE5F2A0CAD8D00C91F63;
			remoteInfo = 104Test;
		};
/* End PBXContainerItemProxy section */

/* Begin PBXFileReference section */
		4E94AE602A0CAD8D00C91F63 /* 104Test.app */ = {isa = PBXFileReference; explicitFileType = wrapper.application; includeInIndex = 0; path = 104Test.app; sourceTree = BUILT_PRODUCTS_DIR; };
		4E94AE632A0CAD8D00C91F63 /* AppDelegate.swift */ = {isa = PBXFileReference; lastKnownFileType = sourcecode.swift; path = AppDelegate.swift; sourceTree = "<group>"; };
		4E94AE652A0CAD8D00C91F63 /* SceneDelegate.swift */ = {isa = PBXFileReference; lastKnownFileType = sourcecode.swift; path = SceneDelegate.swift; sourceTree = "<group>"; };
		4E94AE672A0CAD8D00C91F63 /* ViewController.swift */ = {isa = PBXFileReference; lastKnownFileType = sourcecode.swift; path = ViewController.swift; sourceTree = "<group>"; };
		4E94AE6A2A0CAD8D00C91F63 /* Base */ = {isa = PBXFileReference; lastKnownFileType = file.storyboard; name = Base; path = Base.lproj/Main.storyboard; sourceTree = "<group>"; };
		4E94AE6C2A0CAD9200C91F63 /* Assets.xcassets */ = {isa = PBXFileReference; lastKnownFileType = folder.assetcatalog; path = Assets.xcassets; sourceTree = "<group>"; };
		4E94AE6F2A0CAD9200C91F63 /* Base */ = {isa = PBXFileReference; lastKnownFileType = file.storyboard; name = Base; path = Base.lproj/LaunchScreen.storyboard; sourceTree = "<group>"; };
		4E94AE712A0CAD9200C91F63 /* Info.plist */ = {isa = PBXFileReference; lastKnownFileType = text.plist.xml; path = Info.plist; sourceTree = "<group>"; };
		4E94AE762A0CAD9300C91F63 /* 104TestTests.xctest */ = {isa = PBXFileReference; explicitFileType = wrapper.cfbundle; includeInIndex = 0; path = 104TestTests.xctest; sourceTree = BUILT_PRODUCTS_DIR; };
		4E94AE7A2A0CAD9300C91F63 /* _04TestTests.swift */ = {isa = PBXFileReference; lastKnownFileType = sourcecode.swift; path = _04TestTests.swift; sourceTree = "<group>"; };
		4E94AE802A0CAD9300C91F63 /* 104TestUITests.xctest */ = {isa = PBXFileReference; explicitFileType = wrapper.cfbundle; includeInIndex = 0; path = 104TestUITests.xctest; sourceTree = BUILT_PRODUCTS_DIR; };
		4E94AE842A0CAD9300C91F63 /* _04TestUITests.swift */ = {isa = PBXFileReference; lastKnownFileType = sourcecode.swift; path = _04TestUITests.swift; sourceTree = "<group>"; };
		4E94AE862A0CAD9300C91F63 /* _04TestUITestsLaunchTests.swift */ = {isa = PBXFileReference; lastKnownFileType = sourcecode.swift; path = _04TestUITestsLaunchTests.swift; sourceTree = "<group>"; };
/* End PBXFileReference section */

/* Begin PBXFrameworksBuildPhase section */
		4E94AE5D2A0CAD8D00C91F63 /* Frameworks */ = {
			isa = PBXFrameworksBuildPhase;
			buildActionMask = 2147483647;
			files = (
			);
			runOnlyForDeploymentPostprocessing = 0;
		};
		4E94AE732A0CAD9300C91F63 /* Frameworks */ = {
			isa = PBXFrameworksBuildPhase;
			buildActionMask = 2147483647;
			files = (
			);
			runOnlyForDeploymentPostprocessing = 0;
		};
		4E94AE7D2A0CAD9300C91F63 /* Frameworks */ = {
			isa = PBXFrameworksBuildPhase;
			buildActionMask = 2147483647;
			files = (
			);
			runOnlyForDeploymentPostprocessing = 0;
		};
/* End PBXFrameworksBuildPhase section */

/* Begin PBXGroup section */
		4E94AE572A0CAD8D00C91F63 = {
			isa = PBXGroup;
			children = (
				4E94AE622A0CAD8D00C91F63 /* 104Test */,
				4E94AE792A0CAD9300C91F63 /* 104TestTests */,
				4E94AE832A0CAD9300C91F63 /* 104TestUITests */,
				4E94AE612A0CAD8D00C91F63 /* Products */,
			);
			sourceTree = "<group>";
		};
		4E94AE612A0CAD8D00C91F63 /* Products */ = {
			isa = PBXGroup;
			children = (
				4E94AE602A0CAD8D00C91F63 /* 104Test.app */,
				4E94AE762A0CAD9300C91F63 /* 104TestTests.xctest */,
				4E94AE802A0CAD9300C91F63 /* 104TestUITests.xctest */,
			);
			name = Products;
			sourceTree = "<group>";
		};
		4E94AE622A0CAD8D00C91F63 /* 104Test */ = {
			isa = PBXGroup;
			children = (
				4E94AE632A0CAD8D00C91F63 /* AppDelegate.swift */,
				4E94AE652A0CAD8D00C91F63 /* SceneDelegate.swift */,
				4E94AE672A0CAD8D00C91F63 /* ViewController.swift */,
				4E94AE692A0CAD8D00C91F63 /* Main.storyboard */,
				4E94AE6C2A0CAD9200C91F63 /* Assets.xcassets */,
				4E94AE6E2A0CAD9200C91F63 /* LaunchScreen.storyboard */,
				4E94AE712A0CAD9200C91F63 /* Info.plist */,
			);
			path = 104Test;
			sourceTree = "<group>";
		};
		4E94AE792A0CAD9300C91F63 /* 104TestTests */ = {
			isa = PBXGroup;
			children = (
				4E94AE7A2A0CAD9300C91F63 /* _04TestTests.swift */,
			);
			path = 104TestTests;
			sourceTree = "<group>";
		};
		4E94AE832A0CAD9300C91F63 /* 104TestUITests */ = {
			isa = PBXGroup;
			children = (
				4E94AE842A0CAD9300C91F63 /* _04TestUITests.swift */,
				4E94AE862A0CAD9300C91F63 /* _04TestUITestsLaunchTests.swift */,
			);
			path = 104TestUITests;
			sourceTree = "<group>";
		};
/* End PBXGroup section */

/* Begin PBXNativeTarget section */
		4E94AE5F2A0CAD8D00C91F63 /* 104Test */ = {
			isa = PBXNativeTarget;
			buildConfigurationList = 4E94AE8A2A0CAD9300C91F63 /* Build configuration list for PBXNativeTarget "104Test" */;
			buildPhases = (
				4E94AE5C2A0CAD8D00C91F63 /* Sources */,
				4E94AE5D2A0CAD8D00C91F63 /* Frameworks */,
				4E94AE5E2A0CAD8D00C91F63 /* Resources */,
			);
			buildRules = (
			);
			dependencies = (
			);
			name = 104Test;
			productName = 104Test;
			productReference = 4E94AE602A0CAD8D00C91F63 /* 104Test.app */;
			productType = "com.apple.product-type.application";
		};
		4E94AE752A0CAD9300C91F63 /* 104TestTests */ = {
			isa = PBXNativeTarget;
			buildConfigurationList = 4E94AE8D2A0CAD9300C91F63 /* Build configuration list for PBXNativeTarget "104TestTests" */;
			buildPhases = (
				4E94AE722A0CAD9300C91F63 /* Sources */,
				4E94AE732A0CAD9300C91F63 /* Frameworks */,
				4E94AE742A0CAD9300C91F63 /* Resources */,
			);
			buildRules = (
			);
			dependencies = (
				4E94AE782A0CAD9300C91F63 /* PBXTargetDependency */,
			);
			name = 104TestTests;
			productName = 104TestTests;
			productReference = 4E94AE762A0CAD9300C91F63 /* 104TestTests.xctest */;
			productType = "com.apple.product-type.bundle.unit-test";
		};
		4E94AE7F2A0CAD9300C91F63 /* 104TestUITests */ = {
			isa = PBXNativeTarget;
			buildConfigurationList = 4E94AE902A0CAD9300C91F63 /* Build configuration list for PBXNativeTarget "104TestUITests" */;
			buildPhases = (
				4E94AE7C2A0CAD9300C91F63 /* Sources */,
				4E94AE7D2A0CAD9300C91F63 /* Frameworks */,
				4E94AE7E2A0CAD9300C91F63 /* Resources */,
			);
			buildRules = (
			);
			dependencies = (
				4E94AE822A0CAD9300C91F63 /* PBXTargetDependency */,
			);
			name = 104TestUITests;
			productName = 104TestUITests;
			productReference = 4E94AE802A0CAD9300C91F63 /* 104TestUITests.xctest */;
			productType = "com.apple.product-type.bundle.ui-testing";
		};
/* End PBXNativeTarget section */

/* Begin PBXProject section */
		4E94AE582A0CAD8D00C91F63 /* Project object */ = {
			isa = PBXProject;
			attributes = {
				BuildIndependentTargetsInParallel = 1;
				LastSwiftUpdateCheck = 1430;
				LastUpgradeCheck = 1430;
				TargetAttributes = {
					4E94AE5F2A0CAD8D00C91F63 = {
						CreatedOnToolsVersion = 14.3;
					};
					4E94AE752A0CAD9300C91F63 = {
						CreatedOnToolsVersion = 14.3;
						TestTargetID = 4E94AE5F2A0CAD8D00C91F63;
					};
					4E94AE7F2A0CAD9300C91F63 = {
						CreatedOnToolsVersion = 14.3;
						TestTargetID = 4E94AE5F2A0CAD8D00C91F63;
					};
				};
			};
			buildConfigurationList = 4E94AE5B2A0CAD8D00C91F63 /* Build configuration list for PBXProject "104Test" */;
			compatibilityVersion = "Xcode 14.0";
			developmentRegion = en;
			hasScannedForEncodings = 0;
			knownRegions = (
				en,
				Base,
			);
			mainGroup = 4E94AE572A0CAD8D00C91F63;
			productRefGroup = 4E94AE612A0CAD8D00C91F63 /* Products */;
			projectDirPath = "";
			projectRoot = "";
			targets = (
				4E94AE5F2A0CAD8D00C91F63 /* 104Test */,
				4E94AE752A0CAD9300C91F63 /* 104TestTests */,
				4E94AE7F2A0CAD9300C91F63 /* 104TestUITests */,
			);
		};
/* End PBXProject section */

/* Begin PBXResourcesBuildPhase section */
		4E94AE5E2A0CAD8D00C91F63 /* Resources */ = {
			isa = PBXResourcesBuildPhase;
			buildActionMask = 2147483647;
			files = (
				4E94AE702A0CAD9200C91F63 /* LaunchScreen.storyboard in Resources */,
				4E94AE6D2A0CAD9200C91F63 /* Assets.xcassets in Resources */,
				4E94AE6B2A0CAD8D00C91F63 /* Main.storyboard in Resources */,
			);
			runOnlyForDeploymentPostprocessing = 0;
		};
		4E94AE742A0CAD9300C91F63 /* Resources */ = {
			isa = PBXResourcesBuildPhase;
			buildActionMask = 2147483647;
			files = (
			);
			runOnlyForDeploymentPostprocessing = 0;
		};
		4E94AE7E2A0CAD9300C91F63 /* Resources */ = {
			isa = PBXResourcesBuildPhase;
			buildActionMask = 2147483647;
			files = (
			);
			runOnlyForDeploymentPostprocessing = 0;
		};
/* End PBXResourcesBuildPhase section */

/* Begin PBXSourcesBuildPhase section */
		4E94AE5C2A0CAD8D00C91F63 /* Sources */ = {
			isa = PBXSourcesBuildPhase;
			buildActionMask = 2147483647;
			files = (
				4E94AE682A0CAD8D00C91F63 /* ViewController.swift in Sources */,
				4E94AE642A0CAD8D00C91F63 /* AppDelegate.swift in Sources */,
				4E94AE662A0CAD8D00C91F63 /* SceneDelegate.swift in Sources */,
			);
			runOnlyForDeploymentPostprocessing = 0;
		};
		4E94AE722A0CAD9300C91F63 /* Sources */ = {
			isa = PBXSourcesBuildPhase;
			buildActionMask = 2147483647;
			files = (
				4E94AE7B2A0CAD9300C91F63 /* _04TestTests.swift in Sources */,
			);
			runOnlyForDeploymentPostprocessing = 0;
		};
		4E94AE7C2A0CAD9300C91F63 /* Sources */ = {
			isa = PBXSourcesBuildPhase;
			buildActionMask = 2147483647;
			files = (
				4E94AE872A0CAD9300C91F63 /* _04TestUITestsLaunchTests.swift in Sources */,
				4E94AE852A0CAD9300C91F63 /* _04TestUITests.swift in Sources */,
			);
			runOnlyForDeploymentPostprocessing = 0;
		};
/* End PBXSourcesBuildPhase section */

/* Begin PBXTargetDependency section */
		4E94AE782A0CAD9300C91F63 /* PBXTargetDependency */ = {
			isa = PBXTargetDependency;
			target = 4E94AE5F2A0CAD8D00C91F63 /* 104Test */;
			targetProxy = 4E94AE772A0CAD9300C91F63 /* PBXContainerItemProxy */;
		};
		4E94AE822A0CAD9300C91F63 /* PBXTargetDependency */ = {
			isa = PBXTargetDependency;
			target = 4E94AE5F2A0CAD8D00C91F63 /* 104Test */;
			targetProxy = 4E94AE812A0CAD9300C91F63 /* PBXContainerItemProxy */;
		};
/* End PBXTargetDependency section */

/* Begin PBXVariantGroup section */
		4E94AE692A0CAD8D00C91F63 /* Main.storyboard */ = {
			isa = PBXVariantGroup;
			children = (
				4E94AE6A2A0CAD8D00C91F63 /* Base */,
			);
			name = Main.storyboard;
			sourceTree = "<group>";
		};
		4E94AE6E2A0CAD9200C91F63 /* LaunchScreen.storyboard */ = {
			isa = PBXVariantGroup;
			children = (
				4E94AE6F2A0CAD9200C91F63 /* Base */,
			);
			name = LaunchScreen.storyboard;
			sourceTree = "<group>";
		};
/* End PBXVariantGroup section */

/* Begin XCBuildConfiguration section */
		4E94AE882A0CAD9300C91F63 /* Debug */ = {
			isa = XCBuildConfiguration;
			buildSettings = {
				ALWAYS_SEARCH_USER_PATHS = NO;
				CLANG_ANALYZER_NONNULL = YES;
				CLANG_ANALYZER_NUMBER_OBJECT_CONVERSION = YES_AGGRESSIVE;
				CLANG_CXX_LANGUAGE_STANDARD = "gnu++20";
				CLANG_ENABLE_MODULES = YES;
				CLANG_ENABLE_OBJC_ARC = YES;
				CLANG_ENABLE_OBJC_WEAK = YES;
				CLANG_WARN_BLOCK_CAPTURE_AUTORELEASING = YES;
				CLANG_WARN_BOOL_CONVERSION = YES;
				CLANG_WARN_COMMA = YES;
				CLANG_WARN_CONSTANT_CONVERSION = YES;
				CLANG_WARN_DEPRECATED_OBJC_IMPLEMENTATIONS = YES;
				CLANG_WARN_DIRECT_OBJC_ISA_USAGE = YES_ERROR;
				CLANG_WARN_DOCUMENTATION_COMMENTS = YES;
				CLANG_WARN_EMPTY_BODY = YES;
				CLANG_WARN_ENUM_CONVERSION = YES;
				CLANG_WARN_INFINITE_RECURSION = YES;
				CLANG_WARN_INT_CONVERSION = YES;
				CLANG_WARN_NON_LITERAL_NULL_CONVERSION = YES;
				CLANG_WARN_OBJC_IMPLICIT_RETAIN_SELF = YES;
				CLANG_WARN_OBJC_LITERAL_CONVERSION = YES;
				CLANG_WARN_OBJC_ROOT_CLASS = YES_ERROR;
				CLANG_WARN_QUOTED_INCLUDE_IN_FRAMEWORK_HEADER = YES;
				CLANG_WARN_RANGE_LOOP_ANALYSIS = YES;
				CLANG_WARN_STRICT_PROTOTYPES = YES;
				CLANG_WARN_SUSPICIOUS_MOVE = YES;
				CLANG_WARN_UNGUARDED_AVAILABILITY = YES_AGGRESSIVE;
				CLANG_WARN_UNREACHABLE_CODE = YES;
				CLANG_WARN__DUPLICATE_METHOD_MATCH = YES;
				COPY_PHASE_STRIP = NO;
				DEBUG_INFORMATION_FORMAT = dwarf;
				ENABLE_STRICT_OBJC_MSGSEND = YES;
				ENABLE_TESTABILITY = YES;
				GCC_C_LANGUAGE_STANDARD = gnu11;
				GCC_DYNAMIC_NO_PIC = NO;
				GCC_NO_COMMON_BLOCKS = YES;
				GCC_OPTIMIZATION_LEVEL = 0;
				GCC_PREPROCESSOR_DEFINITIONS = (
					"DEBUG=1",
					"$(inherited)",
				);
				GCC_WARN_64_TO_32_BIT_CONVERSION = YES;
				GCC_WARN_ABOUT_RETURN_TYPE = YES_ERROR;
				GCC_WARN_UNDECLARED_SELECTOR = YES;
				GCC_WARN_UNINITIALIZED_AUTOS = YES_AGGRESSIVE;
				GCC_WARN_UNUSED_FUNCTION = YES;
				GCC_WARN_UNUSED_VARIABLE = YES;
				IPHONEOS_DEPLOYMENT_TARGET = 16.4;
				MTL_ENABLE_DEBUG_INFO = INCLUDE_SOURCE;
				MTL_FAST_MATH = YES;
				ONLY_ACTIVE_ARCH = YES;
				SDKROOT = iphoneos;
				SWIFT_ACTIVE_COMPILATION_CONDITIONS = DEBUG;
				SWIFT_OPTIMIZATION_LEVEL = "-Onone";
			};
			name = Debug;
		};
		4E94AE892A0CAD9300C91F63 /* Release */ = {
			isa = XCBuildConfiguration;
			buildSettings = {
				ALWAYS_SEARCH_USER_PATHS = NO;
				CLANG_ANALYZER_NONNULL = YES;
				CLANG_ANALYZER_NUMBER_OBJECT_CONVERSION = YES_AGGRESSIVE;
				CLANG_CXX_LANGUAGE_STANDARD = "gnu++20";
				CLANG_ENABLE_MODULES = YES;
				CLANG_ENABLE_OBJC_ARC = YES;
				CLANG_ENABLE_OBJC_WEAK = YES;
				CLANG_WARN_BLOCK_CAPTURE_AUTORELEASING = YES;
				CLANG_WARN_BOOL_CONVERSION = YES;
				CLANG_WARN_COMMA = YES;
				CLANG_WARN_CONSTANT_CONVERSION = YES;
				CLANG_WARN_DEPRECATED_OBJC_IMPLEMENTATIONS = YES;
				CLANG_WARN_DIRECT_OBJC_ISA_USAGE = YES_ERROR;
				CLANG_WARN_DOCUMENTATION_COMMENTS = YES;
				CLANG_WARN_EMPTY_BODY = YES;
				CLANG_WARN_ENUM_CONVERSION = YES;
				CLANG_WARN_INFINITE_RECURSION = YES;
				CLANG_WARN_INT_CONVERSION = YES;
				CLANG_WARN_NON_LITERAL_NULL_CONVERSION = YES;
				CLANG_WARN_OBJC_IMPLICIT_RETAIN_SELF = YES;
				CLANG_WARN_OBJC_LITERAL_CONVERSION = YES;
				CLANG_WARN_OBJC_ROOT_CLASS = YES_ERROR;
				CLANG_WARN_QUOTED_INCLUDE_IN_FRAMEWORK_HEADER = YES;
				CLANG_WARN_RANGE_LOOP_ANALYSIS = YES;
				CLANG_WARN_STRICT_PROTOTYPES = YES;
				CLANG_WARN_SUSPICIOUS_MOVE = YES;
				CLANG_WARN_UNGUARDED_AVAILABILITY = YES_AGGRESSIVE;
				CLANG_WARN_UNREACHABLE_CODE = YES;
				CLANG_WARN__DUPLICATE_METHOD_MATCH = YES;
				COPY_PHASE_STRIP = NO;
				DEBUG_INFORMATION_FORMAT = "dwarf-with-dsym";
				ENABLE_NS_ASSERTIONS = NO;
				ENABLE_STRICT_OBJC_MSGSEND = YES;
				GCC_C_LANGUAGE_STANDARD = gnu11;
				GCC_NO_COMMON_BLOCKS = YES;
				GCC_WARN_64_TO_32_BIT_CONVERSION = YES;
				GCC_WARN_ABOUT_RETURN_TYPE = YES_ERROR;
				GCC_WARN_UNDECLARED_SELECTOR = YES;
				GCC_WARN_UNINITIALIZED_AUTOS = YES_AGGRESSIVE;
				GCC_WARN_UNUSED_FUNCTION = YES;
				GCC_WARN_UNUSED_VARIABLE = YES;
				IPHONEOS_DEPLOYMENT_TARGET = 16.4;
				MTL_ENABLE_DEBUG_INFO = NO;
				MTL_FAST_MATH = YES;
				SDKROOT = iphoneos;
				SWIFT_COMPILATION_MODE = wholemodule;
				SWIFT_OPTIMIZATION_LEVEL = "-O";
				VALIDATE_PRODUCT = YES;
			};
			name = Release;
		};
		4E94AE8B2A0CAD9300C91F63 /* Debug */ = {
			isa = XCBuildConfiguration;
			buildSettings = {
				ASSETCATALOG_COMPILER_APPICON_NAME = AppIcon;
				ASSETCATALOG_COMPILER_GLOBAL_ACCENT_COLOR_NAME = AccentColor;
				CODE_SIGN_STYLE = Automatic;
				CURRENT_PROJECT_VERSION = 1;
				DEVELOPMENT_TEAM = HC7PK3SNLL;
				GENERATE_INFOPLIST_FILE = YES;
				INFOPLIST_FILE = 104Test/Info.plist;
				INFOPLIST_KEY_UIApplicationSupportsIndirectInputEvents = YES;
				INFOPLIST_KEY_UILaunchStoryboardName = LaunchScreen;
				INFOPLIST_KEY_UIMainStoryboardFile = Main;
				INFOPLIST_KEY_UISupportedInterfaceOrientations_iPad = "UIInterfaceOrientationPortrait UIInterfaceOrientationPortraitUpsideDown UIInterfaceOrientationLandscapeLeft UIInterfaceOrientationLandscapeRight";
				INFOPLIST_KEY_UISupportedInterfaceOrientations_iPhone = "UIInterfaceOrientationPortrait UIInterfaceOrientationLandscapeLeft UIInterfaceOrientationLandscapeRight";
				LD_RUNPATH_SEARCH_PATHS = (
					"$(inherited)",
					"@executable_path/Frameworks",
				);
				MARKETING_VERSION = 1.0;
				PRODUCT_BUNDLE_IDENTIFIER = "nicwu.-04Test";
				PRODUCT_NAME = "$(TARGET_NAME)";
				SWIFT_EMIT_LOC_STRINGS = YES;
				SWIFT_VERSION = 5.0;
				TARGETED_DEVICE_FAMILY = "1,2";
			};
			name = Debug;
		};
		4E94AE8C2A0CAD9300C91F63 /* Release */ = {
			isa = XCBuildConfiguration;
			buildSettings = {
				ASSETCATALOG_COMPILER_APPICON_NAME = AppIcon;
				ASSETCATALOG_COMPILER_GLOBAL_ACCENT_COLOR_NAME = AccentColor;
				CODE_SIGN_STYLE = Automatic;
				CURRENT_PROJECT_VERSION = 1;
				DEVELOPMENT_TEAM = HC7PK3SNLL;
				GENERATE_INFOPLIST_FILE = YES;
				INFOPLIST_FILE = 104Test/Info.plist;
				INFOPLIST_KEY_UIApplicationSupportsIndirectInputEvents = YES;
				INFOPLIST_KEY_UILaunchStoryboardName = LaunchScreen;
				INFOPLIST_KEY_UIMainStoryboardFile = Main;
				INFOPLIST_KEY_UISupportedInterfaceOrientations_iPad = "UIInterfaceOrientationPortrait UIInterfaceOrientationPortraitUpsideDown UIInterfaceOrientationLandscapeLeft UIInterfaceOrientationLandscapeRight";
				INFOPLIST_KEY_UISupportedInterfaceOrientations_iPhone = "UIInterfaceOrientationPortrait UIInterfaceOrientationLandscapeLeft UIInterfaceOrientationLandscapeRight";
				LD_RUNPATH_SEARCH_PATHS = (
					"$(inherited)",
					"@executable_path/Frameworks",
				);
				MARKETING_VERSION = 1.0;
				PRODUCT_BUNDLE_IDENTIFIER = "nicwu.-04Test";
				PRODUCT_NAME = "$(TARGET_NAME)";
				SWIFT_EMIT_LOC_STRINGS = YES;
				SWIFT_VERSION = 5.0;
				TARGETED_DEVICE_FAMILY = "1,2";
			};
			name = Release;
		};
		4E94AE8E2A0CAD9300C91F63 /* Debug */ = {
			isa = XCBuildConfiguration;
			buildSettings = {
				ALWAYS_EMBED_SWIFT_STANDARD_LIBRARIES = YES;
				BUNDLE_LOADER = "$(TEST_HOST)";
				CODE_SIGN_STYLE = Automatic;
				CURRENT_PROJECT_VERSION = 1;
				DEVELOPMENT_TEAM = HC7PK3SNLL;
				GENERATE_INFOPLIST_FILE = YES;
				IPHONEOS_DEPLOYMENT_TARGET = 16.4;
				MARKETING_VERSION = 1.0;
				PRODUCT_BUNDLE_IDENTIFIER = "nicwu.-04TestTests";
				PRODUCT_NAME = "$(TARGET_NAME)";
				SWIFT_EMIT_LOC_STRINGS = NO;
				SWIFT_VERSION = 5.0;
				TARGETED_DEVICE_FAMILY = "1,2";
				TEST_HOST = "$(BUILT_PRODUCTS_DIR)/104Test.app/$(BUNDLE_EXECUTABLE_FOLDER_PATH)/104Test";
			};
			name = Debug;
		};
		4E94AE8F2A0CAD9300C91F63 /* Release */ = {
			isa = XCBuildConfiguration;
			buildSettings = {
				ALWAYS_EMBED_SWIFT_STANDARD_LIBRARIES = YES;
				BUNDLE_LOADER = "$(TEST_HOST)";
				CODE_SIGN_STYLE = Automatic;
				CURRENT_PROJECT_VERSION = 1;
				DEVELOPMENT_TEAM = HC7PK3SNLL;
				GENERATE_INFOPLIST_FILE = YES;
				IPHONEOS_DEPLOYMENT_TARGET = 16.4;
				MARKETING_VERSION = 1.0;
				PRODUCT_BUNDLE_IDENTIFIER = "nicwu.-04TestTests";
				PRODUCT_NAME = "$(TARGET_NAME)";
				SWIFT_EMIT_LOC_STRINGS = NO;
				SWIFT_VERSION = 5.0;
				TARGETED_DEVICE_FAMILY = "1,2";
				TEST_HOST = "$(BUILT_PRODUCTS_DIR)/104Test.app/$(BUNDLE_EXECUTABLE_FOLDER_PATH)/104Test";
			};
			name = Release;
		};
		4E94AE912A0CAD9300C91F63 /* Debug */ = {
			isa = XCBuildConfiguration;
			buildSettings = {
				ALWAYS_EMBED_SWIFT_STANDARD_LIBRARIES = YES;
				CODE_SIGN_STYLE = Automatic;
				CURRENT_PROJECT_VERSION = 1;
				DEVELOPMENT_TEAM = HC7PK3SNLL;
				GENERATE_INFOPLIST_FILE = YES;
				MARKETING_VERSION = 1.0;
				PRODUCT_BUNDLE_IDENTIFIER = "nicwu.-04TestUITests";
				PRODUCT_NAME = "$(TARGET_NAME)";
				SWIFT_EMIT_LOC_STRINGS = NO;
				SWIFT_VERSION = 5.0;
				TARGETED_DEVICE_FAMILY = "1,2";
				TEST_TARGET_NAME = 104Test;
			};
			name = Debug;
		};
		4E94AE922A0CAD9300C91F63 /* Release */ = {
			isa = XCBuildConfiguration;
			buildSettings = {
				ALWAYS_EMBED_SWIFT_STANDARD_LIBRARIES = YES;
				CODE_SIGN_STYLE = Automatic;
				CURRENT_PROJECT_VERSION = 1;
				DEVELOPMENT_TEAM = HC7PK3SNLL;
				GENERATE_INFOPLIST_FILE = YES;
				MARKETING_VERSION = 1.0;
				PRODUCT_BUNDLE_IDENTIFIER = "nicwu.-04TestUITests";
				PRODUCT_NAME = "$(TARGET_NAME)";
				SWIFT_EMIT_LOC_STRINGS = NO;
				SWIFT_VERSION = 5.0;
				TARGETED_DEVICE_FAMILY = "1,2";
				TEST_TARGET_NAME = 104Test;
			};
			name = Release;
		};
/* End XCBuildConfiguration section */

/* Begin XCConfigurationList section */
		4E94AE5B2A0CAD8D00C91F63 /* Build configuration list for PBXProject "104Test" */ = {
			isa = XCConfigurationList;
			buildConfigurations = (
				4E94AE882A0CAD9300C91F63 /* Debug */,
				4E94AE892A0CAD9300C91F63 /* Release */,
			);
			defaultConfigurationIsVisible = 0;
			defaultConfigurationName = Release;
		};
		4E94AE8A2A0CAD9300C91F63 /* Build configuration list for PBXNativeTarget "104Test" */ = {
			isa = XCConfigurationList;
			buildConfigurations = (
				4E94AE8B2A0CAD9300C91F63 /* Debug */,
				4E94AE8C2A0CAD9300C91F63 /* Release */,
			);
			defaultConfigurationIsVisible = 0;
			defaultConfigurationName = Release;
		};
		4E94AE8D2A0CAD9300C91F63 /* Build configuration list for PBXNativeTarget "104TestTests" */ = {
			isa = XCConfigurationList;
			buildConfigurations = (
				4E94AE8E2A0CAD9300C91F63 /* Debug */,
				4E94AE8F2A0CAD9300C91F63 /* Release */,
			);
			defaultConfigurationIsVisible = 0;
			defaultConfigurationName = Release;
		};
		4E94AE902A0CAD9300C91F63 /* Build configuration list for PBXNativeTarget "104TestUITests" */ = {
			isa = XCConfigurationList;
			buildConfigurations = (
				4E94AE912A0CAD9300C91F63 /* Debug */,
				4E94AE922A0CAD9300C91F63 /* Release */,
			);
			defaultConfigurationIsVisible = 0;
			defaultConfigurationName = Release;
		};
/* End XCConfigurationList section */
	};
	rootObject = 4E94AE582A0CAD8D00C91F63 /* Project object */;
}
